# This file was autogenerated by uv via the following command:
#    uv pip compile requirements.in -o requirements.lock
-e ../../packages/python
    # via -r requirements.in
aiohappyeyeballs==2.7.1
    # via aiohttp
aiohttp==3.14.3
    # via vocode
aiosignal==1.4.0
    # via aiohttp
annotated-doc==0.0.5
    # via typer
annotated-types==0.8.0
    # via pydantic
anthropic==0.28.1
    # via vocode
anyio==4.15.1
    # via
    #   anthropic
    #   httpx
    #   openai
    #   starlette
    #   watchfiles
attrs==26.1.0
    # via
    #   aiohttp
    #   jsonschema
    #   referencing
azure-cognitiveservices-speech==1.52.0
    # via vocode
azure-core==1.41.0
    # via azure-cognitiveservices-speech
certifi==2026.7.22
    # via
    #   httpcore
    #   httpx
    #   requests
    #   sentry-sdk
cffi==2.1.1
    # via
    #   miniaudio
    #   sounddevice
charset-normalizer==3.5.2
    # via requests
click==8.5.0
    # via
    #   huggingface-hub
    #   nltk
    #   rich-toolkit
    #   uvicorn
cloudpickle==3.1.2
    # via joblib
defusedxml==0.7.1
    # via nltk
distro==1.9.0
    # via
    #   anthropic
    #   openai
dnspython==2.8.0
    # via email-validator
elevenlabs==1.59.0
    # via vocode
email-validator==2.3.0
    # via fastapi
fastapi==0.111.1
    # via
    #   sentry-sdk
    #   vocode
fastapi-cli==0.0.32
    # via fastapi
filelock==3.32.7
    # via
    #   huggingface-hub
    #   pyht
frozenlist==1.8.0
    # via
    #   aiohttp
    #   aiosignal
fsspec==2026.9.0
    # via huggingface-hub
grpcio==1.84.0
    # via pyht
h11==0.16.0
    # via
    #   httpcore
    #   uvicorn
hf-xet==1.6.0
    # via huggingface-hub
httpcore==1.0.9
    # via httpx
httptools==0.8.0
    # via uvicorn
httpx==0.28.1
    # via
    #   anthropic
    #   elevenlabs
    #   fastapi
    #   huggingface-hub
    #   openai
    #   openspline
huggingface-hub==1.33.0
    # via tokenizers
idna==3.20
    # via
    #   anyio
    #   email-validator
    #   httpx
    #   requests
    #   yarl
janus==1.2.0
    # via vocode
jinja2==3.1.6
    # via
    #   fastapi
    #   vocode
jiter==0.17.0
    # via
    #   anthropic
    #   openai
joblib==1.6.0
    # via nltk
jsonschema==4.26.0
    # via vocode
jsonschema-specifications==2025.9.1
    # via jsonschema
loguru==0.7.3
    # via vocode
markdown-it-py==4.2.0
    # via rich
markupsafe==3.0.3
    # via jinja2
mdurl==0.1.2
    # via markdown-it-py
miniaudio==1.71
    # via vocode
multidict==6.9.1
    # via
    #   aiohttp
    #   yarl
nltk==3.10.3
    # via vocode
numpy==1.26.4
    # via vocode
openai==1.109.1
    # via vocode
opentelemetry-api==1.45.0
    # via
    #   opentelemetry-sdk
    #   opentelemetry-semantic-conventions
opentelemetry-sdk==1.45.0
    # via vocode
opentelemetry-semantic-conventions==0.66b0
    # via opentelemetry-sdk
packaging==26.3
    # via huggingface-hub
phonenumbers==8.13.55
    # via vocode
propcache==0.5.4
    # via
    #   aiohttp
    #   yarl
protobuf==4.25.9
    # via pyht
pycparser==3.0
    # via cffi
pydantic==2.13.5
    # via
    #   anthropic
    #   elevenlabs
    #   fastapi
    #   openai
    #   pydantic-settings
    #   vocode
pydantic-core==2.46.5
    # via
    #   elevenlabs
    #   pydantic
pydantic-settings==2.15.0
    # via vocode
pydub==0.25.1
    # via vocode
pygments==2.21.0
    # via rich
pyht==0.0.28
    # via vocode
pyjwt==2.15.1
    # via redis
python-dotenv==1.2.4
    # via
    #   pydantic-settings
    #   uvicorn
python-multipart==0.0.32
    # via fastapi
pyyaml==6.0.3
    # via
    #   huggingface-hub
    #   uvicorn
redis==5.3.1
    # via vocode
referencing==0.37.0
    # via
    #   jsonschema
    #   jsonschema-specifications
regex==2026.9.29
    # via
    #   nltk
    #   tiktoken
requests==2.34.2
    # via
    #   azure-core
    #   elevenlabs
    #   pyht
    #   tiktoken
    #   vocode
rich==15.0.0
    # via
    #   rich-toolkit
    #   typer
rich-toolkit==0.20.5
    # via fastapi-cli
rpds-py==2026.6.3
    # via
    #   jsonschema
    #   referencing
sentry-sdk==2.71.0
    # via vocode
shellingham==1.5.4
    # via typer
sniffio==1.3.1
    # via
    #   anthropic
    #   openai
sounddevice==0.4.7
    # via vocode
starlette==0.37.2
    # via fastapi
tiktoken==0.7.0
    # via vocode
tokenizers==0.23.2
    # via anthropic
tqdm==4.70.1
    # via
    #   huggingface-hub
    #   nltk
    #   openai
typer==0.27.2
    # via fastapi-cli
typing-extensions==4.16.0
    # via
    #   aiohttp
    #   aiosignal
    #   anthropic
    #   anyio
    #   azure-core
    #   elevenlabs
    #   fastapi
    #   grpcio
    #   huggingface-hub
    #   openai
    #   opentelemetry-api
    #   opentelemetry-sdk
    #   opentelemetry-semantic-conventions
    #   pydantic
    #   pydantic-core
    #   referencing
    #   rich-toolkit
    #   typing-inspection
typing-inspection==0.4.4
    # via
    #   pydantic
    #   pydantic-settings
urllib3==2.8.0
    # via
    #   requests
    #   sentry-sdk
uvicorn==0.30.6
    # via
    #   fastapi
    #   fastapi-cli
    #   vocode
uvloop==0.23.0
    # via uvicorn
vocode @ git+https://github.com/vocodedev/vocode-core.git@e054c33a72787b6a4920f91eb8598ad0bafb4240
    # via -r requirements.in
watchfiles==1.3.0
    # via uvicorn
websockets==14.2
    # via
    #   elevenlabs
    #   openspline
    #   uvicorn
    #   vocode
yarl==1.25.1
    # via aiohttp
